// !$*UTF8*$!
{
	archiveVersion = 1;
	classes = {
	};
	objectVersion = 55;
	objects = {

/* Begin PBXBuildFile section */
		2996C4DBD27D6AD6A821DCA6 /* Pods_AnChoreer_AnChoreerUITests.framework in Frameworks */ = {isa = PBXBuildFile; fileRef = F961ABC9499024F7C7ECA850 /* Pods_AnChoreer_AnChoreerUITests.framework */; };
		4875F33D39B52547134B64ED /* Pods_AnChoreerTests.framework in Frameworks */ = {isa = PBXBuildFile; fileRef = 6A436A6FCDBA6DABE908FEC8 /* Pods_AnChoreerTests.framework */; };
		6CD04779E984FFD05C33E4FE /* Pods_AnChoreer.framework in Frameworks */ = {isa = PBXBuildFile; fileRef = 1102E7230A9A3DC128FF91BE /* Pods_AnChoreer.framework */; };
		FF6B6CC727592FF100727DCC /* WebKit.framework in Frameworks */ = {isa = PBXBuildFile; fileRef = FF6B6CC627592FF100727DCC /* WebKit.framework */; };
		FF6B6CC9275A72E600727DCC /* SuggestViewController.swift in Sources */ = {isa = PBXBuildFile; fileRef = FF6B6CC8275A72E600727DCC /* SuggestViewController.swift */; };
		FF6B6CCC275BE88D00727DCC /* SuggestTableViewCell.swift in Sources */ = {isa = PBXBuildFile; fileRef = FF6B6CCA275BE88C00727DCC /* SuggestTableViewCell.swift */; };
		FF6B6CCD275BE88D00727DCC /* SuggestTableViewCell.xib in Resources */ = {isa = PBXBuildFile; fileRef = FF6B6CCB275BE88C00727DCC /* SuggestTableViewCell.xib */; };
		FF8600E92758F49A009E450D /* AnchoreerEmptyTableViewCell.swift in Sources */ = {isa = PBXBuildFile; fileRef = FF8600E72758F499009E450D /* AnchoreerEmptyTableViewCell.swift */; };
		FF8600EA2758F49A009E450D /* AnchoreerEmptyTableViewCell.xib in Resources */ = {isa = PBXBuildFile; fileRef = FF8600E82758F49A009E450D /* AnchoreerEmptyTableViewCell.xib */; };
		FFC243F42758B7F20021F195 /* AppDelegate.swift in Sources */ = {isa = PBXBuildFile; fileRef = FFC243F32758B7F20021F195 /* AppDelegate.swift */; };
		FFC243F62758B7F20021F195 /* SceneDelegate.swift in Sources */ = {isa = PBXBuildFile; fileRef = FFC243F52758B7F20021F195 /* SceneDelegate.swift */; };
		FFC243F82758B7F20021F195 /* ViewController.swift in Sources */ = {isa = PBXBuildFile; fileRef = FFC243F72758B7F20021F195 /* ViewController.swift */; };
		FFC243FB2758B7F20021F195 /* Main.storyboard in Resources */ = {isa = PBXBuildFile; fileRef = FFC243F92758B7F20021F195 /* Main.storyboard */; };
		FFC243FD2758B7F80021F195 /* Assets.xcassets in Resources */ = {isa = PBXBuildFile; fileRef = FFC243FC2758B7F80021F195 /* Assets.xcassets */; };
		FFC244002758B7F80021F195 /* LaunchScreen.storyboard in Resources */ = {isa = PBXBuildFile; fileRef = FFC243FE2758B7F80021F195 /* LaunchScreen.storyboard */; };
		FFC2440B2758B7F90021F195 /* AnChoreerTests.swift in Sources */ = {isa = PBXBuildFile; fileRef = FFC2440A2758B7F90021F195 /* AnChoreerTests.swift */; };
		FFC244152758B7F90021F195 /* AnChoreerUITests.swift in Sources */ = {isa = PBXBuildFile; fileRef = FFC244142758B7F90021F195 /* AnChoreerUITests.swift */; };
		FFC244172758B7F90021F195 /* AnChoreerUITestsLaunchTests.swift in Sources */ = {isa = PBXBuildFile; fileRef = FFC244162758B7F90021F195 /* AnChoreerUITestsLaunchTests.swift */; };
		FFC244252758BA770021F195 /* SearchModel.swift in Sources */ = {isa = PBXBuildFile; fileRef = FFC244242758BA770021F195 /* SearchModel.swift */; };
		FFC244272758BE620021F195 /* ResultAPI.swift in Sources */ = {isa = PBXBuildFile; fileRef = FFC244262758BE620021F195 /* ResultAPI.swift */; };
		FFC2442B2758C7E70021F195 /* AnChoreerTableViewCell.swift in Sources */ = {isa = PBXBuildFile; fileRef = FFC244292758C7E70021F195 /* AnChoreerTableViewCell.swift */; };
		FFC2442C2758C7E70021F195 /* AnChoreerTableViewCell.xib in Resources */ = {isa = PBXBuildFile; fileRef = FFC2442A2758C7E70021F195 /* AnChoreerTableViewCell.xib */; };
		FFFE3EF42759278000995622 /* AnChoreerDetailViewController.swift in Sources */ = {isa = PBXBuildFile; fileRef = FFFE3EF32759278000995622 /* AnChoreerDetailViewController.swift */; };
/* End PBXBuildFile section */

/* Begin PBXContainerItemProxy section */
		FFC244072758B7F90021F195 /* PBXContainerItemProxy */ = {
			isa = PBXContainerItemProxy;
			containerPortal = FFC243E82758B7F20021F195 /* Project object */;
			proxyType = 1;
			remoteGlobalIDString = FFC243EF2758B7F20021F195;
			remoteInfo = AnChoreer;
		};
		FFC244112758B7F90021F195 /* PBXContainerItemProxy */ = {
			isa = PBXContainerItemProxy;
			containerPortal = FFC243E82758B7F20021F195 /* Project object */;
			proxyType = 1;
			remoteGlobalIDString = FFC243EF2758B7F20021F195;
			remoteInfo = AnChoreer;
		};
/* End PBXContainerItemProxy section */

/* Begin PBXFileReference section */
		1102E7230A9A3DC128FF91BE /* Pods_AnChoreer.framework */ = {isa = PBXFileReference; explicitFileType = wrapper.framework; includeInIndex = 0; path = Pods_AnChoreer.framework; sourceTree = BUILT_PRODUCTS_DIR; };
		5C3050F0613D6A9336DC95F9 /* Pods-AnChoreer-AnChoreerUITests.release.xcconfig */ = {isa = PBXFileReference; includeInIndex = 1; lastKnownFileType = text.xcconfig; name = "Pods-AnChoreer-AnChoreerUITests.release.xcconfig"; path = "Target Support Files/Pods-AnChoreer-AnChoreerUITests/Pods-AnChoreer-AnChoreerUITests.release.xcconfig"; sourceTree = "<group>"; };
		60798D3E1BF91E55B3A71FE5 /* Pods-AnChoreerTests.release.xcconfig */ = {isa = PBXFileReference; includeInIndex = 1; lastKnownFileType = text.xcconfig; name = "Pods-AnChoreerTests.release.xcconfig"; path = "Target Support Files/Pods-AnChoreerTests/Pods-AnChoreerTests.release.xcconfig"; sourceTree = "<group>"; };
		643E149256BD3AF93DD5CBAF /* Pods-AnChoreer.debug.xcconfig */ = {isa = PBXFileReference; includeInIndex = 1; lastKnownFileType = text.xcconfig; name = "Pods-AnChoreer.debug.xcconfig"; path = "Target Support Files/Pods-AnChoreer/Pods-AnChoreer.debug.xcconfig"; sourceTree = "<group>"; };
		6A436A6FCDBA6DABE908FEC8 /* Pods_AnChoreerTests.framework */ = {isa = PBXFileReference; explicitFileType = wrapper.framework; includeInIndex = 0; path = Pods_AnChoreerTests.framework; sourceTree = BUILT_PRODUCTS_DIR; };
		719988DC67D2A6E2E948547C /* Pods-AnChoreer.release.xcconfig */ = {isa = PBXFileReference; includeInIndex = 1; lastKnownFileType = text.xcconfig; name = "Pods-AnChoreer.release.xcconfig"; path = "Target Support Files/Pods-AnChoreer/Pods-AnChoreer.release.xcconfig"; sourceTree = "<group>"; };
		853778A08454F8D38AE950A4 /* Pods-AnChoreer-AnChoreerUITests.debug.xcconfig */ = {isa = PBXFileReference; includeInIndex = 1; lastKnownFileType = text.xcconfig; name = "Pods-AnChoreer-AnChoreerUITests.debug.xcconfig"; path = "Target Support Files/Pods-AnChoreer-AnChoreerUITests/Pods-AnChoreer-AnChoreerUITests.debug.xcconfig"; sourceTree = "<group>"; };
		F961ABC9499024F7C7ECA850 /* Pods_AnChoreer_AnChoreerUITests.framework */ = {isa = PBXFileReference; explicitFileType = wrapper.framework; includeInIndex = 0; path = Pods_AnChoreer_AnChoreerUITests.framework; sourceTree = BUILT_PRODUCTS_DIR; };
		FA6CC7DF01FD739A74C6A530 /* Pods-AnChoreerTests.debug.xcconfig */ = {isa = PBXFileReference; includeInIndex = 1; lastKnownFileType = text.xcconfig; name = "Pods-AnChoreerTests.debug.xcconfig"; path = "Target Support Files/Pods-AnChoreerTests/Pods-AnChoreerTests.debug.xcconfig"; sourceTree = "<group>"; };
		FF6B6CC627592FF100727DCC /* WebKit.framework */ = {isa = PBXFileReference; lastKnownFileType = wrapper.framework; name = WebKit.framework; path = System/Library/Frameworks/WebKit.framework; sourceTree = SDKROOT; };
		FF6B6CC8275A72E600727DCC /* SuggestViewController.swift */ = {isa = PBXFileReference; lastKnownFileType = sourcecode.swift; path = SuggestViewController.swift; sourceTree = "<group>"; };
		FF6B6CCA275BE88C00727DCC /* SuggestTableViewCell.swift */ = {isa = PBXFileReference; lastKnownFileType = sourcecode.swift; path = SuggestTableViewCell.swift; sourceTree = "<group>"; };
		FF6B6CCB275BE88C00727DCC /* SuggestTableViewCell.xib */ = {isa = PBXFileReference; lastKnownFileType = file.xib; path = SuggestTableViewCell.xib; sourceTree = "<group>"; };
		FF8600E72758F499009E450D /* AnchoreerEmptyTableViewCell.swift */ = {isa = PBXFileReference; lastKnownFileType = sourcecode.swift; path = AnchoreerEmptyTableViewCell.swift; sourceTree = "<group>"; };
		FF8600E82758F49A009E450D /* AnchoreerEmptyTableViewCell.xib */ = {isa = PBXFileReference; lastKnownFileType = file.xib; path = AnchoreerEmptyTableViewCell.xib; sourceTree = "<group>"; };
		FFC243F02758B7F20021F195 /* AnChoreer.app */ = {isa = PBXFileReference; explicitFileType = wrapper.application; includeInIndex = 0; path = AnChoreer.app; sourceTree = BUILT_PRODUCTS_DIR; };
		FFC243F32758B7F20021F195 /* AppDelegate.swift */ = {isa = PBXFileReference; lastKnownFileType = sourcecode.swift; path = AppDelegate.swift; sourceTree = "<group>"; };
		FFC243F52758B7F20021F195 /* SceneDelegate.swift */ = {isa = PBXFileReference; lastKnownFileType = sourcecode.swift; path = SceneDelegate.swift; sourceTree = "<group>"; };
		FFC243F72758B7F20021F195 /* ViewController.swift */ = {isa = PBXFileReference; lastKnownFileType = sourcecode.swift; path = ViewController.swift; sourceTree = "<group>"; };
		FFC243FA2758B7F20021F195 /* Base */ = {isa = PBXFileReference; lastKnownFileType = file.storyboard; name = Base; path = Base.lproj/Main.storyboard; sourceTree = "<group>"; };
		FFC243FC2758B7F80021F195 /* Assets.xcassets */ = {isa = PBXFileReference; lastKnownFileType = folder.assetcatalog; path = Assets.xcassets; sourceTree = "<group>"; };
		FFC243FF2758B7F80021F195 /* Base */ = {isa = PBXFileReference; lastKnownFileType = file.storyboard; name = Base; path = Base.lproj/LaunchScreen.storyboard; sourceTree = "<group>"; };
		FFC244012758B7F80021F195 /* Info.plist */ = {isa = PBXFileReference; lastKnownFileType = text.plist.xml; path = Info.plist; sourceTree = "<group>"; };
		FFC244062758B7F90021F195 /* AnChoreerTests.xctest */ = {isa = PBXFileReference; explicitFileType = wrapper.cfbundle; includeInIndex = 0; path = AnChoreerTests.xctest; sourceTree = BUILT_PRODUCTS_DIR; };
		FFC2440A2758B7F90021F195 /* AnChoreerTests.swift */ = {isa = PBXFileReference; lastKnownFileType = sourcecode.swift; path = AnChoreerTests.swift; sourceTree = "<group>"; };
		FFC244102758B7F90021F195 /* AnChoreerUITests.xctest */ = {isa = PBXFileReference; explicitFileType = wrapper.cfbundle; includeInIndex = 0; path = AnChoreerUITests.xctest; sourceTree = BUILT_PRODUCTS_DIR; };
		FFC244142758B7F90021F195 /* AnChoreerUITests.swift */ = {isa = PBXFileReference; lastKnownFileType = sourcecode.swift; path = AnChoreerUITests.swift; sourceTree = "<group>"; };
		FFC244162758B7F90021F195 /* AnChoreerUITestsLaunchTests.swift */ = {isa = PBXFileReference; lastKnownFileType = sourcecode.swift; path = AnChoreerUITestsLaunchTests.swift; sourceTree = "<group>"; };
		FFC244242758BA770021F195 /* SearchModel.swift */ = {isa = PBXFileReference; lastKnownFileType = sourcecode.swift; path = SearchModel.swift; sourceTree = "<group>"; };
		FFC244262758BE620021F195 /* ResultAPI.swift */ = {isa = PBXFileReference; lastKnownFileType = sourcecode.swift; path = ResultAPI.swift; sourceTree = "<group>"; };
		FFC244292758C7E70021F195 /* AnChoreerTableViewCell.swift */ = {isa = PBXFileReference; lastKnownFileType = sourcecode.swift; path = AnChoreerTableViewCell.swift; sourceTree = "<group>"; };
		FFC2442A2758C7E70021F195 /* AnChoreerTableViewCell.xib */ = {isa = PBXFileReference; lastKnownFileType = file.xib; path = AnChoreerTableViewCell.xib; sourceTree = "<group>"; };
		FFFE3EF32759278000995622 /* AnChoreerDetailViewController.swift */ = {isa = PBXFileReference; lastKnownFileType = sourcecode.swift; path = AnChoreerDetailViewController.swift; sourceTree = "<group>"; };
/* End PBXFileReference section */

/* Begin PBXFrameworksBuildPhase section */
		FFC243ED2758B7F20021F195 /* Frameworks */ = {
			isa = PBXFrameworksBuildPhase;
			buildActionMask = 2147483647;
			files = (
				FF6B6CC727592FF100727DCC /* WebKit.framework in Frameworks */,
				6CD04779E984FFD05C33E4FE /* Pods_AnChoreer.framework in Frameworks */,
			);
			runOnlyForDeploymentPostprocessing = 0;
		};
		FFC244032758B7F90021F195 /* Frameworks */ = {
			isa = PBXFrameworksBuildPhase;
			buildActionMask = 2147483647;
			files = (
				4875F33D39B52547134B64ED /* Pods_AnChoreerTests.framework in Frameworks */,
			);
			runOnlyForDeploymentPostprocessing = 0;
		};
		FFC2440D2758B7F90021F195 /* Frameworks */ = {
			isa = PBXFrameworksBuildPhase;
			buildActionMask = 2147483647;
			files = (
				2996C4DBD27D6AD6A821DCA6 /* Pods_AnChoreer_AnChoreerUITests.framework in Frameworks */,
			);
			runOnlyForDeploymentPostprocessing = 0;
		};
/* End PBXFrameworksBuildPhase section */

/* Begin PBXGroup section */
		C1E6E676496A2BA10DB59CDA /* Pods */ = {
			isa = PBXGroup;
			children = (
				643E149256BD3AF93DD5CBAF /* Pods-AnChoreer.debug.xcconfig */,
				719988DC67D2A6E2E948547C /* Pods-AnChoreer.release.xcconfig */,
				853778A08454F8D38AE950A4 /* Pods-AnChoreer-AnChoreerUITests.debug.xcconfig */,
				5C3050F0613D6A9336DC95F9 /* Pods-AnChoreer-AnChoreerUITests.release.xcconfig */,
				FA6CC7DF01FD739A74C6A530 /* Pods-AnChoreerTests.debug.xcconfig */,
				60798D3E1BF91E55B3A71FE5 /* Pods-AnChoreerTests.release.xcconfig */,
			);
			path = Pods;
			sourceTree = "<group>";
		};
		DD864D719E3AB770CCDD07B4 /* Frameworks */ = {
			isa = PBXGroup;
			children = (
				FF6B6CC627592FF100727DCC /* WebKit.framework */,
				1102E7230A9A3DC128FF91BE /* Pods_AnChoreer.framework */,
				F961ABC9499024F7C7ECA850 /* Pods_AnChoreer_AnChoreerUITests.framework */,
				6A436A6FCDBA6DABE908FEC8 /* Pods_AnChoreerTests.framework */,
			);
			name = Frameworks;
			sourceTree = "<group>";
		};
		FFC243E72758B7F20021F195 = {
			isa = PBXGroup;
			children = (
				FFC243F22758B7F20021F195 /* AnChoreer */,
				FFC244092758B7F90021F195 /* AnChoreerTests */,
				FFC244132758B7F90021F195 /* AnChoreerUITests */,
				FFC243F12758B7F20021F195 /* Products */,
				C1E6E676496A2BA10DB59CDA /* Pods */,
				DD864D719E3AB770CCDD07B4 /* Frameworks */,
			);
			sourceTree = "<group>";
		};
		FFC243F12758B7F20021F195 /* Products */ = {
			isa = PBXGroup;
			children = (
				FFC243F02758B7F20021F195 /* AnChoreer.app */,
				FFC244062758B7F90021F195 /* AnChoreerTests.xctest */,
				FFC244102758B7F90021F195 /* AnChoreerUITests.xctest */,
			);
			name = Products;
			sourceTree = "<group>";
		};
		FFC243F22758B7F20021F195 /* AnChoreer */ = {
			isa = PBXGroup;
			children = (
				FFC244282758C7B20021F195 /* AnChoreerCell */,
				FFC244232758BA610021F195 /* DataModel */,
				FFC243F32758B7F20021F195 /* AppDelegate.swift */,
				FFC243F52758B7F20021F195 /* SceneDelegate.swift */,
				FFC243F72758B7F20021F195 /* ViewController.swift */,
				FFFE3EF32759278000995622 /* AnChoreerDetailViewController.swift */,
				FF6B6CC8275A72E600727DCC /* SuggestViewController.swift */,
				FFC243F92758B7F20021F195 /* Main.storyboard */,
				FFC243FC2758B7F80021F195 /* Assets.xcassets */,
				FFC243FE2758B7F80021F195 /* LaunchScreen.storyboard */,
				FFC244012758B7F80021F195 /* Info.plist */,
			);
			path = AnChoreer;
			sourceTree = "<group>";
		};
		FFC244092758B7F90021F195 /* AnChoreerTests */ = {
			isa = PBXGroup;
			children = (
				FFC2440A2758B7F90021F195 /* AnChoreerTests.swift */,
			);
			path = AnChoreerTests;
			sourceTree = "<group>";
		};
		FFC244132758B7F90021F195 /* AnChoreerUITests */ = {
			isa = PBXGroup;
			children = (
				FFC244142758B7F90021F195 /* AnChoreerUITests.swift */,
				FFC244162758B7F90021F195 /* AnChoreerUITestsLaunchTests.swift */,
			);
			path = AnChoreerUITests;
			sourceTree = "<group>";
		};
		FFC244232758BA610021F195 /* DataModel */ = {
			isa = PBXGroup;
			children = (
				FFC244242758BA770021F195 /* SearchModel.swift */,
				FFC244262758BE620021F195 /* ResultAPI.swift */,
			);
			path = DataModel;
			sourceTree = "<group>";
		};
		FFC244282758C7B20021F195 /* AnChoreerCell */ = {
			isa = PBXGroup;
			children = (
				FFC244292758C7E70021F195 /* AnChoreerTableViewCell.swift */,
				FFC2442A2758C7E70021F195 /* AnChoreerTableViewCell.xib */,
				FF8600E72758F499009E450D /* AnchoreerEmptyTableViewCell.swift */,
				FF8600E82758F49A009E450D /* AnchoreerEmptyTableViewCell.xib */,
				FF6B6CCA275BE88C00727DCC /* SuggestTableViewCell.swift */,
				FF6B6CCB275BE88C00727DCC /* SuggestTableViewCell.xib */,
			);
			path = AnChoreerCell;
			sourceTree = "<group>";
		};
/* End PBXGroup section */

/* Begin PBXNativeTarget section */
		FFC243EF2758B7F20021F195 /* AnChoreer */ = {
			isa = PBXNativeTarget;
			buildConfigurationList = FFC2441A2758B7F90021F195 /* Build configuration list for PBXNativeTarget "AnChoreer" */;
			buildPhases = (
				9CB058E2FED76812857CDCD3 /* [CP] Check Pods Manifest.lock */,
				FFC243EC2758B7F20021F195 /* Sources */,
				FFC243ED2758B7F20021F195 /* Frameworks */,
				FFC243EE2758B7F20021F195 /* Resources */,
				E601EDC4485AD04601465578 /* [CP] Embed Pods Frameworks */,
			);
			buildRules = (
			);
			dependencies = (
			);
			name = AnChoreer;
			productName = AnChoreer;
			productReference = FFC243F02758B7F20021F195 /* AnChoreer.app */;
			productType = "com.apple.product-type.application";
		};
		FFC244052758B7F90021F195 /* AnChoreerTests */ = {
			isa = PBXNativeTarget;
			buildConfigurationList = FFC2441D2758B7F90021F195 /* Build configuration list for PBXNativeTarget "AnChoreerTests" */;
			buildPhases = (
				E0769D92DB36915F76D85C59 /* [CP] Check Pods Manifest.lock */,
				FFC244022758B7F90021F195 /* Sources */,
				FFC244032758B7F90021F195 /* Frameworks */,
				FFC244042758B7F90021F195 /* Resources */,
			);
			buildRules = (
			);
			dependencies = (
				FFC244082758B7F90021F195 /* PBXTargetDependency */,
			);
			name = AnChoreerTests;
			productName = AnChoreerTests;
			productReference = FFC244062758B7F90021F195 /* AnChoreerTests.xctest */;
			productType = "com.apple.product-type.bundle.unit-test";
		};
		FFC2440F2758B7F90021F195 /* AnChoreerUITests */ = {
			isa = PBXNativeTarget;
			buildConfigurationList = FFC244202758B7F90021F195 /* Build configuration list for PBXNativeTarget "AnChoreerUITests" */;
			buildPhases = (
				6050639A13E28CFD291B502A /* [CP] Check Pods Manifest.lock */,
				FFC2440C2758B7F90021F195 /* Sources */,
				FFC2440D2758B7F90021F195 /* Frameworks */,
				FFC2440E2758B7F90021F195 /* Resources */,
				0B78A4C9F07E01531E9C2BFF /* [CP] Embed Pods Frameworks */,
			);
			buildRules = (
			);
			dependencies = (
				FFC244122758B7F90021F195 /* PBXTargetDependency */,
			);
			name = AnChoreerUITests;
			productName = AnChoreerUITests;
			productReference = FFC244102758B7F90021F195 /* AnChoreerUITests.xctest */;
			productType = "com.apple.product-type.bundle.ui-testing";
		};
/* End PBXNativeTarget section */

/* Begin PBXProject section */
		FFC243E82758B7F20021F195 /* Project object */ = {
			isa = PBXProject;
			attributes = {
				BuildIndependentTargetsInParallel = 1;
				LastSwiftUpdateCheck = 1310;
				LastUpgradeCheck = 1310;
				TargetAttributes = {
					FFC243EF2758B7F20021F195 = {
						CreatedOnToolsVersion = 13.1;
					};
					FFC244052758B7F90021F195 = {
						CreatedOnToolsVersion = 13.1;
						TestTargetID = FFC243EF2758B7F20021F195;
					};
					FFC2440F2758B7F90021F195 = {
						CreatedOnToolsVersion = 13.1;
						TestTargetID = FFC243EF2758B7F20021F195;
					};
				};
			};
			buildConfigurationList = FFC243EB2758B7F20021F195 /* Build configuration list for PBXProject "AnChoreer" */;
			compatibilityVersion = "Xcode 13.0";
			developmentRegion = en;
			hasScannedForEncodings = 0;
			knownRegions = (
				en,
				Base,
			);
			mainGroup = FFC243E72758B7F20021F195;
			productRefGroup = FFC243F12758B7F20021F195 /* Products */;
			projectDirPath = "";
			projectRoot = "";
			targets = (
				FFC243EF2758B7F20021F195 /* AnChoreer */,
				FFC244052758B7F90021F195 /* AnChoreerTests */,
				FFC2440F2758B7F90021F195 /* AnChoreerUITests */,
			);
		};
/* End PBXProject section */

/* Begin PBXResourcesBuildPhase section */
		FFC243EE2758B7F20021F195 /* Resources */ = {
			isa = PBXResourcesBuildPhase;
			buildActionMask = 2147483647;
			files = (
				FFC244002758B7F80021F195 /* LaunchScreen.storyboard in Resources */,
				FFC2442C2758C7E70021F195 /* AnChoreerTableViewCell.xib in Resources */,
				FF6B6CCD275BE88D00727DCC /* SuggestTableViewCell.xib in Resources */,
				FF8600EA2758F49A009E450D /* AnchoreerEmptyTableViewCell.xib in Resources */,
				FFC243FD2758B7F80021F195 /* Assets.xcassets in Resources */,
				FFC243FB2758B7F20021F195 /* Main.storyboard in Resources */,
			);
			runOnlyForDeploymentPostprocessing = 0;
		};
		FFC244042758B7F90021F195 /* Resources */ = {
			isa = PBXResourcesBuildPhase;
			buildActionMask = 2147483647;
			files = (
			);
			runOnlyForDeploymentPostprocessing = 0;
		};
		FFC2440E2758B7F90021F195 /* Resources */ = {
			isa = PBXResourcesBuildPhase;
			buildActionMask = 2147483647;
			files = (
			);
			runOnlyForDeploymentPostprocessing = 0;
		};
/* End PBXResourcesBuildPhase section */

/* Begin PBXShellScriptBuildPhase section */
		0B78A4C9F07E01531E9C2BFF /* [CP] Embed Pods Frameworks */ = {
			isa = PBXShellScriptBuildPhase;
			buildActionMask = 2147483647;
			files = (
			);
			inputFileListPaths = (
				"${PODS_ROOT}/Target Support Files/Pods-AnChoreer-AnChoreerUITests/Pods-AnChoreer-AnChoreerUITests-frameworks-${CONFIGURATION}-input-files.xcfilelist",
			);
			name = "[CP] Embed Pods Frameworks";
			outputFileListPaths = (
				"${PODS_ROOT}/Target Support Files/Pods-AnChoreer-AnChoreerUITests/Pods-AnChoreer-AnChoreerUITests-frameworks-${CONFIGURATION}-output-files.xcfilelist",
			);
			runOnlyForDeploymentPostprocessing = 0;
			shellPath = /bin/sh;
			shellScript = "\"${PODS_ROOT}/Target Support Files/Pods-AnChoreer-AnChoreerUITests/Pods-AnChoreer-AnChoreerUITests-frameworks.sh\"\n";
			showEnvVarsInLog = 0;
		};
		6050639A13E28CFD291B502A /* [CP] Check Pods Manifest.lock */ = {
			isa = PBXShellScriptBuildPhase;
			buildActionMask = 2147483647;
			files = (
			);
			inputFileListPaths = (
			);
			inputPaths = (
				"${PODS_PODFILE_DIR_PATH}/Podfile.lock",
				"${PODS_ROOT}/Manifest.lock",
			);
			name = "[CP] Check Pods Manifest.lock";
			outputFileListPaths = (
			);
			outputPaths = (
				"$(DERIVED_FILE_DIR)/Pods-AnChoreer-AnChoreerUITests-checkManifestLockResult.txt",
			);
			runOnlyForDeploymentPostprocessing = 0;
			shellPath = /bin/sh;
			shellScript = "diff \"${PODS_PODFILE_DIR_PATH}/Podfile.lock\" \"${PODS_ROOT}/Manifest.lock\" > /dev/null\nif [ $? != 0 ] ; then\n    # print error to STDERR\n    echo \"error: The sandbox is not in sync with the Podfile.lock. Run 'pod install' or update your CocoaPods installation.\" >&2\n    exit 1\nfi\n# This output is used by Xcode 'outputs' to avoid re-running this script phase.\necho \"SUCCESS\" > \"${SCRIPT_OUTPUT_FILE_0}\"\n";
			showEnvVarsInLog = 0;
		};
		9CB058E2FED76812857CDCD3 /* [CP] Check Pods Manifest.lock */ = {
			isa = PBXShellScriptBuildPhase;
			buildActionMask = 2147483647;
			files = (
			);
			inputFileListPaths = (
			);
			inputPaths = (
				"${PODS_PODFILE_DIR_PATH}/Podfile.lock",
				"${PODS_ROOT}/Manifest.lock",
			);
			name = "[CP] Check Pods Manifest.lock";
			outputFileListPaths = (
			);
			outputPaths = (
				"$(DERIVED_FILE_DIR)/Pods-AnChoreer-checkManifestLockResult.txt",
			);
			runOnlyForDeploymentPostprocessing = 0;
			shellPath = /bin/sh;
			shellScript = "diff \"${PODS_PODFILE_DIR_PATH}/Podfile.lock\" \"${PODS_ROOT}/Manifest.lock\" > /dev/null\nif [ $? != 0 ] ; then\n    # print error to STDERR\n    echo \"error: The sandbox is not in sync with the Podfile.lock. Run 'pod install' or update your CocoaPods installation.\" >&2\n    exit 1\nfi\n# This output is used by Xcode 'outputs' to avoid re-running this script phase.\necho \"SUCCESS\" > \"${SCRIPT_OUTPUT_FILE_0}\"\n";
			showEnvVarsInLog = 0;
		};
		E0769D92DB36915F76D85C59 /* [CP] Check Pods Manifest.lock */ = {
			isa = PBXShellScriptBuildPhase;
			buildActionMask = 2147483647;
			files = (
			);
			inputFileListPaths = (
			);
			inputPaths = (
				"${PODS_PODFILE_DIR_PATH}/Podfile.lock",
				"${PODS_ROOT}/Manifest.lock",
			);
			name = "[CP] Check Pods Manifest.lock";
			outputFileListPaths = (
			);
			outputPaths = (
				"$(DERIVED_FILE_DIR)/Pods-AnChoreerTests-checkManifestLockResult.txt",
			);
			runOnlyForDeploymentPostprocessing = 0;
			shellPath = /bin/sh;
			shellScript = "diff \"${PODS_PODFILE_DIR_PATH}/Podfile.lock\" \"${PODS_ROOT}/Manifest.lock\" > /dev/null\nif [ $? != 0 ] ; then\n    # print error to STDERR\n    echo \"error: The sandbox is not in sync with the Podfile.lock. Run 'pod install' or update your CocoaPods installation.\" >&2\n    exit 1\nfi\n# This output is used by Xcode 'outputs' to avoid re-running this script phase.\necho \"SUCCESS\" > \"${SCRIPT_OUTPUT_FILE_0}\"\n";
			showEnvVarsInLog = 0;
		};
		E601EDC4485AD04601465578 /* [CP] Embed Pods Frameworks */ = {
			isa = PBXShellScriptBuildPhase;
			buildActionMask = 2147483647;
			files = (
			);
			inputFileListPaths = (
				"${PODS_ROOT}/Target Support Files/Pods-AnChoreer/Pods-AnChoreer-frameworks-${CONFIGURATION}-input-files.xcfilelist",
			);
			name = "[CP] Embed Pods Frameworks";
			outputFileListPaths = (
				"${PODS_ROOT}/Target Support Files/Pods-AnChoreer/Pods-AnChoreer-frameworks-${CONFIGURATION}-output-files.xcfilelist",
			);
			runOnlyForDeploymentPostprocessing = 0;
			shellPath = /bin/sh;
			shellScript = "\"${PODS_ROOT}/Target Support Files/Pods-AnChoreer/Pods-AnChoreer-frameworks.sh\"\n";
			showEnvVarsInLog = 0;
		};
/* End PBXShellScriptBuildPhase section */

/* Begin PBXSourcesBuildPhase section */
		FFC243EC2758B7F20021F195 /* Sources */ = {
			isa = PBXSourcesBuildPhase;
			buildActionMask = 2147483647;
			files = (
				FF6B6CCC275BE88D00727DCC /* SuggestTableViewCell.swift in Sources */,
				FF8600E92758F49A009E450D /* AnchoreerEmptyTableViewCell.swift in Sources */,
				FFC243F82758B7F20021F195 /* ViewController.swift in Sources */,
				FFC2442B2758C7E70021F195 /* AnChoreerTableViewCell.swift in Sources */,
				FFC243F42758B7F20021F195 /* AppDelegate.swift in Sources */,
				FF6B6CC9275A72E600727DCC /* SuggestViewController.swift in Sources */,
				FFC243F62758B7F20021F195 /* SceneDelegate.swift in Sources */,
				FFC244252758BA770021F195 /* SearchModel.swift in Sources */,
				FFC244272758BE620021F195 /* ResultAPI.swift in Sources */,
				FFFE3EF42759278000995622 /* AnChoreerDetailViewController.swift in Sources */,
			);
			runOnlyForDeploymentPostprocessing = 0;
		};
		FFC244022758B7F90021F195 /* Sources */ = {
			isa = PBXSourcesBuildPhase;
			buildActionMask = 2147483647;
			files = (
				FFC2440B2758B7F90021F195 /* AnChoreerTests.swift in Sources */,
			);
			runOnlyForDeploymentPostprocessing = 0;
		};
		FFC2440C2758B7F90021F195 /* Sources */ = {
			isa = PBXSourcesBuildPhase;
			buildActionMask = 2147483647;
			files = (
				FFC244172758B7F90021F195 /* AnChoreerUITestsLaunchTests.swift in Sources */,
				FFC244152758B7F90021F195 /* AnChoreerUITests.swift in Sources */,
			);
			runOnlyForDeploymentPostprocessing = 0;
		};
/* End PBXSourcesBuildPhase section */

/* Begin PBXTargetDependency section */
		FFC244082758B7F90021F195 /* PBXTargetDependency */ = {
			isa = PBXTargetDependency;
			target = FFC243EF2758B7F20021F195 /* AnChoreer */;
			targetProxy = FFC244072758B7F90021F195 /* PBXContainerItemProxy */;
		};
		FFC244122758B7F90021F195 /* PBXTargetDependency */ = {
			isa = PBXTargetDependency;
			target = FFC243EF2758B7F20021F195 /* AnChoreer */;
			targetProxy = FFC244112758B7F90021F195 /* PBXContainerItemProxy */;
		};
/* End PBXTargetDependency section */

/* Begin PBXVariantGroup section */
		FFC243F92758B7F20021F195 /* Main.storyboard */ = {
			isa = PBXVariantGroup;
			children = (
				FFC243FA2758B7F20021F195 /* Base */,
			);
			name = Main.storyboard;
			sourceTree = "<group>";
		};
		FFC243FE2758B7F80021F195 /* LaunchScreen.storyboard */ = {
			isa = PBXVariantGroup;
			children = (
				FFC243FF2758B7F80021F195 /* Base */,
			);
			name = LaunchScreen.storyboard;
			sourceTree = "<group>";
		};
/* End PBXVariantGroup section */

/* Begin XCBuildConfiguration section */
		FFC244182758B7F90021F195 /* Debug */ = {
			isa = XCBuildConfiguration;
			buildSettings = {
				ALWAYS_SEARCH_USER_PATHS = NO;
				CLANG_ANALYZER_NONNULL = YES;
				CLANG_ANALYZER_NUMBER_OBJECT_CONVERSION = YES_AGGRESSIVE;
				CLANG_CXX_LANGUAGE_STANDARD = "gnu++17";
				CLANG_CXX_LIBRARY = "libc++";
				CLANG_ENABLE_MODULES = YES;
				CLANG_ENABLE_OBJC_ARC = YES;
				CLANG_ENABLE_OBJC_WEAK = YES;
				CLANG_WARN_BLOCK_CAPTURE_AUTORELEASING = YES;
				CLANG_WARN_BOOL_CONVERSION = YES;
				CLANG_WARN_COMMA = YES;
				CLANG_WARN_CONSTANT_CONVERSION = YES;
				CLANG_WARN_DEPRECATED_OBJC_IMPLEMENTATIONS = YES;
				CLANG_WARN_DIRECT_OBJC_ISA_USAGE = YES_ERROR;
				CLANG_WARN_DOCUMENTATION_COMMENTS = YES;
				CLANG_WARN_EMPTY_BODY = YES;
				CLANG_WARN_ENUM_CONVERSION = YES;
				CLANG_WARN_INFINITE_RECURSION = YES;
				CLANG_WARN_INT_CONVERSION = YES;
				CLANG_WARN_NON_LITERAL_NULL_CONVERSION = YES;
				CLANG_WARN_OBJC_IMPLICIT_RETAIN_SELF = YES;
				CLANG_WARN_OBJC_LITERAL_CONVERSION = YES;
				CLANG_WARN_OBJC_ROOT_CLASS = YES_ERROR;
				CLANG_WARN_QUOTED_INCLUDE_IN_FRAMEWORK_HEADER = YES;
				CLANG_WARN_RANGE_LOOP_ANALYSIS = YES;
				CLANG_WARN_STRICT_PROTOTYPES = YES;
				CLANG_WARN_SUSPICIOUS_MOVE = YES;
				CLANG_WARN_UNGUARDED_AVAILABILITY = YES_AGGRESSIVE;
				CLANG_WARN_UNREACHABLE_CODE = YES;
				CLANG_WARN__DUPLICATE_METHOD_MATCH = YES;
				COPY_PHASE_STRIP = NO;
				DEBUG_INFORMATION_FORMAT = dwarf;
				ENABLE_STRICT_OBJC_MSGSEND = YES;
				ENABLE_TESTABILITY = YES;
				GCC_C_LANGUAGE_STANDARD = gnu11;
				GCC_DYNAMIC_NO_PIC = NO;
				GCC_NO_COMMON_BLOCKS = YES;
				GCC_OPTIMIZATION_LEVEL = 0;
				GCC_PREPROCESSOR_DEFINITIONS = (
					"DEBUG=1",
					"$(inherited)",
				);
				GCC_WARN_64_TO_32_BIT_CONVERSION = YES;
				GCC_WARN_ABOUT_RETURN_TYPE = YES_ERROR;
				GCC_WARN_UNDECLARED_SELECTOR = YES;
				GCC_WARN_UNINITIALIZED_AUTOS = YES_AGGRESSIVE;
				GCC_WARN_UNUSED_FUNCTION = YES;
				GCC_WARN_UNUSED_VARIABLE = YES;
				IPHONEOS_DEPLOYMENT_TARGET = 15.0;
				MTL_ENABLE_DEBUG_INFO = INCLUDE_SOURCE;
				MTL_FAST_MATH = YES;
				ONLY_ACTIVE_ARCH = YES;
				SDKROOT = iphoneos;
				SWIFT_ACTIVE_COMPILATION_CONDITIONS = DEBUG;
				SWIFT_OPTIMIZATION_LEVEL = "-Onone";
			};
			name = Debug;
		};
		FFC244192758B7F90021F195 /* Release */ = {
			isa = XCBuildConfiguration;
			buildSettings = {
				ALWAYS_SEARCH_USER_PATHS = NO;
				CLANG_ANALYZER_NONNULL = YES;
				CLANG_ANALYZER_NUMBER_OBJECT_CONVERSION = YES_AGGRESSIVE;
				CLANG_CXX_LANGUAGE_STANDARD = "gnu++17";
				CLANG_CXX_LIBRARY = "libc++";
				CLANG_ENABLE_MODULES = YES;
				CLANG_ENABLE_OBJC_ARC = YES;
				CLANG_ENABLE_OBJC_WEAK = YES;
				CLANG_WARN_BLOCK_CAPTURE_AUTORELEASING = YES;
				CLANG_WARN_BOOL_CONVERSION = YES;
				CLANG_WARN_COMMA = YES;
				CLANG_WARN_CONSTANT_CONVERSION = YES;
				CLANG_WARN_DEPRECATED_OBJC_IMPLEMENTATIONS = YES;
				CLANG_WARN_DIRECT_OBJC_ISA_USAGE = YES_ERROR;
				CLANG_WARN_DOCUMENTATION_COMMENTS = YES;
				CLANG_WARN_EMPTY_BODY = YES;
				CLANG_WARN_ENUM_CONVERSION = YES;
				CLANG_WARN_INFINITE_RECURSION = YES;
				CLANG_WARN_INT_CONVERSION = YES;
				CLANG_WARN_NON_LITERAL_NULL_CONVERSION = YES;
				CLANG_WARN_OBJC_IMPLICIT_RETAIN_SELF = YES;
				CLANG_WARN_OBJC_LITERAL_CONVERSION = YES;
				CLANG_WARN_OBJC_ROOT_CLASS = YES_ERROR;
				CLANG_WARN_QUOTED_INCLUDE_IN_FRAMEWORK_HEADER = YES;
				CLANG_WARN_RANGE_LOOP_ANALYSIS = YES;
				CLANG_WARN_STRICT_PROTOTYPES = YES;
				CLANG_WARN_SUSPICIOUS_MOVE = YES;
				CLANG_WARN_UNGUARDED_AVAILABILITY = YES_AGGRESSIVE;
				CLANG_WARN_UNREACHABLE_CODE = YES;
				CLANG_WARN__DUPLICATE_METHOD_MATCH = YES;
				COPY_PHASE_STRIP = NO;
				DEBUG_INFORMATION_FORMAT = "dwarf-with-dsym";
				ENABLE_NS_ASSERTIONS = NO;
				ENABLE_STRICT_OBJC_MSGSEND = YES;
				GCC_C_LANGUAGE_STANDARD = gnu11;
				GCC_NO_COMMON_BLOCKS = YES;
				GCC_WARN_64_TO_32_BIT_CONVERSION = YES;
				GCC_WARN_ABOUT_RETURN_TYPE = YES_ERROR;
				GCC_WARN_UNDECLARED_SELECTOR = YES;
				GCC_WARN_UNINITIALIZED_AUTOS = YES_AGGRESSIVE;
				GCC_WARN_UNUSED_FUNCTION = YES;
				GCC_WARN_UNUSED_VARIABLE = YES;
				IPHONEOS_DEPLOYMENT_TARGET = 15.0;
				MTL_ENABLE_DEBUG_INFO = NO;
				MTL_FAST_MATH = YES;
				SDKROOT = iphoneos;
				SWIFT_COMPILATION_MODE = wholemodule;
				SWIFT_OPTIMIZATION_LEVEL = "-O";
				VALIDATE_PRODUCT = YES;
			};
			name = Release;
		};
		FFC2441B2758B7F90021F195 /* Debug */ = {
			isa = XCBuildConfiguration;
			baseConfigurationReference = 643E149256BD3AF93DD5CBAF /* Pods-AnChoreer.debug.xcconfig */;
			buildSettings = {
				ASSETCATALOG_COMPILER_APPICON_NAME = AppIcon;
				ASSETCATALOG_COMPILER_GLOBAL_ACCENT_COLOR_NAME = AccentColor;
				CODE_SIGN_STYLE = Automatic;
				CURRENT_PROJECT_VERSION = 1;
				DEVELOPMENT_TEAM = XKA22N2KHA;
				GENERATE_INFOPLIST_FILE = YES;
				INFOPLIST_FILE = AnChoreer/Info.plist;
				INFOPLIST_KEY_UIApplicationSupportsIndirectInputEvents = YES;
				INFOPLIST_KEY_UILaunchStoryboardName = LaunchScreen;
				INFOPLIST_KEY_UIMainStoryboardFile = Main;
				INFOPLIST_KEY_UISupportedInterfaceOrientations_iPad = "UIInterfaceOrientationPortrait UIInterfaceOrientationPortraitUpsideDown UIInterfaceOrientationLandscapeLeft UIInterfaceOrientationLandscapeRight";
				INFOPLIST_KEY_UISupportedInterfaceOrientations_iPhone = "UIInterfaceOrientationPortrait UIInterfaceOrientationLandscapeLeft UIInterfaceOrientationLandscapeRight";
				LD_RUNPATH_SEARCH_PATHS = (
					"$(inherited)",
					"@executable_path/Frameworks",
				);
				MARKETING_VERSION = 1.0;
				PRODUCT_BUNDLE_IDENTIFIER = com.test.AnChoreer;
				PRODUCT_NAME = "$(TARGET_NAME)";
				SWIFT_EMIT_LOC_STRINGS = YES;
				SWIFT_VERSION = 5.0;
				TARGETED_DEVICE_FAMILY = "1,2";
			};
			name = Debug;
		};
		FFC2441C2758B7F90021F195 /* Release */ = {
			isa = XCBuildConfiguration;
			baseConfigurationReference = 719988DC67D2A6E2E948547C /* Pods-AnChoreer.release.xcconfig */;
			buildSettings = {
				ASSETCATALOG_COMPILER_APPICON_NAME = AppIcon;
				ASSETCATALOG_COMPILER_GLOBAL_ACCENT_COLOR_NAME = AccentColor;
				CODE_SIGN_STYLE = Automatic;
				CURRENT_PROJECT_VERSION = 1;
				DEVELOPMENT_TEAM = XKA22N2KHA;
				GENERATE_INFOPLIST_FILE = YES;
				INFOPLIST_FILE = AnChoreer/Info.plist;
				INFOPLIST_KEY_UIApplicationSupportsIndirectInputEvents = YES;
				INFOPLIST_KEY_UILaunchStoryboardName = LaunchScreen;
				INFOPLIST_KEY_UIMainStoryboardFile = Main;
				INFOPLIST_KEY_UISupportedInterfaceOrientations_iPad = "UIInterfaceOrientationPortrait UIInterfaceOrientationPortraitUpsideDown UIInterfaceOrientationLandscapeLeft UIInterfaceOrientationLandscapeRight";
				INFOPLIST_KEY_UISupportedInterfaceOrientations_iPhone = "UIInterfaceOrientationPortrait UIInterfaceOrientationLandscapeLeft UIInterfaceOrientationLandscapeRight";
				LD_RUNPATH_SEARCH_PATHS = (
					"$(inherited)",
					"@executable_path/Frameworks",
				);
				MARKETING_VERSION = 1.0;
				PRODUCT_BUNDLE_IDENTIFIER = com.test.AnChoreer;
				PRODUCT_NAME = "$(TARGET_NAME)";
				SWIFT_EMIT_LOC_STRINGS = YES;
				SWIFT_VERSION = 5.0;
				TARGETED_DEVICE_FAMILY = "1,2";
			};
			name = Release;
		};
		FFC2441E2758B7F90021F195 /* Debug */ = {
			isa = XCBuildConfiguration;
			baseConfigurationReference = FA6CC7DF01FD739A74C6A530 /* Pods-AnChoreerTests.debug.xcconfig */;
			buildSettings = {
				ALWAYS_EMBED_SWIFT_STANDARD_LIBRARIES = YES;
				BUNDLE_LOADER = "$(TEST_HOST)";
				CODE_SIGN_STYLE = Automatic;
				CURRENT_PROJECT_VERSION = 1;
				DEVELOPMENT_TEAM = XKA22N2KHA;
				GENERATE_INFOPLIST_FILE = YES;
				IPHONEOS_DEPLOYMENT_TARGET = 15.0;
				LD_RUNPATH_SEARCH_PATHS = (
					"$(inherited)",
					"@executable_path/Frameworks",
					"@loader_path/Frameworks",
				);
				MARKETING_VERSION = 1.0;
				PRODUCT_BUNDLE_IDENTIFIER = com.test.AnChoreerTests;
				PRODUCT_NAME = "$(TARGET_NAME)";
				SWIFT_EMIT_LOC_STRINGS = NO;
				SWIFT_VERSION = 5.0;
				TARGETED_DEVICE_FAMILY = "1,2";
				TEST_HOST = "$(BUILT_PRODUCTS_DIR)/AnChoreer.app/AnChoreer";
			};
			name = Debug;
		};
		FFC2441F2758B7F90021F195 /* Release */ = {
			isa = XCBuildConfiguration;
			baseConfigurationReference = 60798D3E1BF91E55B3A71FE5 /* Pods-AnChoreerTests.release.xcconfig */;
			buildSettings = {
				ALWAYS_EMBED_SWIFT_STANDARD_LIBRARIES = YES;
				BUNDLE_LOADER = "$(TEST_HOST)";
				CODE_SIGN_STYLE = Automatic;
				CURRENT_PROJECT_VERSION = 1;
				DEVELOPMENT_TEAM = XKA22N2KHA;
				GENERATE_INFOPLIST_FILE = YES;
				IPHONEOS_DEPLOYMENT_TARGET = 15.0;
				LD_RUNPATH_SEARCH_PATHS = (
					"$(inherited)",
					"@executable_path/Frameworks",
					"@loader_path/Frameworks",
				);
				MARKETING_VERSION = 1.0;
				PRODUCT_BUNDLE_IDENTIFIER = com.test.AnChoreerTests;
				PRODUCT_NAME = "$(TARGET_NAME)";
				SWIFT_EMIT_LOC_STRINGS = NO;
				SWIFT_VERSION = 5.0;
				TARGETED_DEVICE_FAMILY = "1,2";
				TEST_HOST = "$(BUILT_PRODUCTS_DIR)/AnChoreer.app/AnChoreer";
			};
			name = Release;
		};
		FFC244212758B7F90021F195 /* Debug */ = {
			isa = XCBuildConfiguration;
			baseConfigurationReference = 853778A08454F8D38AE950A4 /* Pods-AnChoreer-AnChoreerUITests.debug.xcconfig */;
			buildSettings = {
				ALWAYS_EMBED_SWIFT_STANDARD_LIBRARIES = YES;
				CODE_SIGN_STYLE = Automatic;
				CURRENT_PROJECT_VERSION = 1;
				DEVELOPMENT_TEAM = XKA22N2KHA;
				GENERATE_INFOPLIST_FILE = YES;
				LD_RUNPATH_SEARCH_PATHS = (
					"$(inherited)",
					"@executable_path/Frameworks",
					"@loader_path/Frameworks",
				);
				MARKETING_VERSION = 1.0;
				PRODUCT_BUNDLE_IDENTIFIER = com.test.AnChoreerUITests;
				PRODUCT_NAME = "$(TARGET_NAME)";
				SWIFT_EMIT_LOC_STRINGS = NO;
				SWIFT_VERSION = 5.0;
				TARGETED_DEVICE_FAMILY = "1,2";
				TEST_TARGET_NAME = AnChoreer;
			};
			name = Debug;
		};
		FFC244222758B7F90021F195 /* Release */ = {
			isa = XCBuildConfiguration;
			baseConfigurationReference = 5C3050F0613D6A9336DC95F9 /* Pods-AnChoreer-AnChoreerUITests.release.xcconfig */;
			buildSettings = {
				ALWAYS_EMBED_SWIFT_STANDARD_LIBRARIES = YES;
				CODE_SIGN_STYLE = Automatic;
				CURRENT_PROJECT_VERSION = 1;
				DEVELOPMENT_TEAM = XKA22N2KHA;
				GENERATE_INFOPLIST_FILE = YES;
				LD_RUNPATH_SEARCH_PATHS = (
					"$(inherited)",
					"@executable_path/Frameworks",
					"@loader_path/Frameworks",
				);
				MARKETING_VERSION = 1.0;
				PRODUCT_BUNDLE_IDENTIFIER = com.test.AnChoreerUITests;
				PRODUCT_NAME = "$(TARGET_NAME)";
				SWIFT_EMIT_LOC_STRINGS = NO;
				SWIFT_VERSION = 5.0;
				TARGETED_DEVICE_FAMILY = "1,2";
				TEST_TARGET_NAME = AnChoreer;
			};
			name = Release;
		};
/* End XCBuildConfiguration section */

/* Begin XCConfigurationList section */
		FFC243EB2758B7F20021F195 /* Build configuration list for PBXProject "AnChoreer" */ = {
			isa = XCConfigurationList;
			buildConfigurations = (
				FFC244182758B7F90021F195 /* Debug */,
				FFC244192758B7F90021F195 /* Release */,
			);
			defaultConfigurationIsVisible = 0;
			defaultConfigurationName = Release;
		};
		FFC2441A2758B7F90021F195 /* Build configuration list for PBXNativeTarget "AnChoreer" */ = {
			isa = XCConfigurationList;
			buildConfigurations = (
				FFC2441B2758B7F90021F195 /* Debug */,
				FFC2441C2758B7F90021F195 /* Release */,
			);
			defaultConfigurationIsVisible = 0;
			defaultConfigurationName = Release;
		};
		FFC2441D2758B7F90021F195 /* Build configuration list for PBXNativeTarget "AnChoreerTests" */ = {
			isa = XCConfigurationList;
			buildConfigurations = (
				FFC2441E2758B7F90021F195 /* Debug */,
				FFC2441F2758B7F90021F195 /* Release */,
			);
			defaultConfigurationIsVisible = 0;
			defaultConfigurationName = Release;
		};
		FFC244202758B7F90021F195 /* Build configuration list for PBXNativeTarget "AnChoreerUITests" */ = {
			isa = XCConfigurationList;
			buildConfigurations = (
				FFC244212758B7F90021F195 /* Debug */,
				FFC244222758B7F90021F195 /* Release */,
			);
			defaultConfigurationIsVisible = 0;
			defaultConfigurationName = Release;
		};
/* End XCConfigurationList section */
	};
	rootObject = FFC243E82758B7F20021F195 /* Project object */;
}
